{
  "requires": true,
  "lockfileVersion": 1,
  "dependencies": {
    "dwolrdcojp_palindrome": {
      "version": "0.1.0",
      "resolved": "https://registry.npmjs.org/dwolrdcojp_palindrome/-/dwolrdcojp_palindrome-0.1.0.tgz",
      "integrity": "sha512-jgMXfI1M0mStBIMEKiMijsiuz8x5WPOQYifQHd4YoNhzu2VTTi+3OqQtKfxHim1o8R8LOzkEVxj65jAS9oXL0A=="
    }
  }
}
