{
  "requires": true,
  "lockfileVersion": 1,
  "dependencies": {
    "dwolrdcojp_palindrome": {
      "version": "0.1.1",
      "resolved": "https://registry.npmjs.org/dwolrdcojp_palindrome/-/dwolrdcojp_palindrome-0.1.1.tgz",
      "integrity": "sha512-ENy9955UJ8vrOT5dv4ETENmosDxF2gzrHds9JvV1zXKSxKrwXotdijogJiwElVePoa8Lp0uOBFGSzTQB29NOVg=="
    }
  }
}
